PODS:
  - Realm (3.17.1):
    - Realm/Headers (= 3.17.1)
  - Realm/Headers (3.17.1)
  - RealmSwift (3.17.1):
    - Realm (= 3.17.1)
  - SyncKit/Core (0.7.4)
  - SyncKit/RealmSwift (0.7.4):
    - RealmSwift (~> 3.0)
    - SyncKit/Core

DEPENDENCIES:
  - RealmSwift
  - SyncKit/RealmSwift (from `../../`)

SPEC REPOS:
  https://github.com/cocoapods/specs.git:
    - Realm
    - RealmSwift

EXTERNAL SOURCES:
  SyncKit:
    :path: "../../"

SPEC CHECKSUMS:
  Realm: c204f1a890f07dea43b14132a6aad118c054b8f2
  RealmSwift: 4d3c9233544b9cd08a8913e0872b9038eb99b054
  SyncKit: 9bf39028d23a1f815cb796b4d5bf5caf5e0079e4

PODFILE CHECKSUM: 2f6327f747846b45b1b184c82054965d32304f94

COCOAPODS: 1.7.4
